
Microsoft Visual Studio Solution File, Format Version 12.00
# Visual Studio Version 17
VisualStudioVersion = 17.2.32526.322
MinimumVisualStudioVersion = 10.0.40219.1
Project("{2150E333-8FDC-42A3-9474-1A3956D46DE8}") = "Behavioral", "Behavioral", "{FB371D8C-B2BF-4533-8A7F-47FFCDF00B58}"
EndProject
Project("{2150E333-8FDC-42A3-9474-1A3956D46DE8}") = "Concurrency", "Concurrency", "{A30304F4-0E25-43EC-A286-47F6BC99D3EB}"
EndProject
Project("{2150E333-8FDC-42A3-9474-1A3956D46DE8}") = "Creational", "Creational", "{EC6DD210-5079-419E-AEC4-B29C3476C5A7}"
EndProject
Project("{2150E333-8FDC-42A3-9474-1A3956D46DE8}") = "Structural", "Structural", "{DE7AF084-2E20-49F5-A219-67FDA04C2F3F}"
EndProject
Project("{2150E333-8FDC-42A3-9474-1A3956D46DE8}") = "ChainOfResponsibility", "ChainOfResponsibility", "{77C2AB0F-22D6-444E-91C8-236FB48D77F1}"
EndProject
Project("{2150E333-8FDC-42A3-9474-1A3956D46DE8}") = "Command", "Command", "{EFD9F509-2B3D-4D4A-BE60-EC30179BFBA3}"
EndProject
Project("{2150E333-8FDC-42A3-9474-1A3956D46DE8}") = "Interpreter", "Interpreter", "{B710BC7E-9ED9-4249-BA8A-D12854816AC6}"
EndProject
Project("{2150E333-8FDC-42A3-9474-1A3956D46DE8}") = "Iterator", "Iterator", "{F4105131-9B97-446F-B219-307D282A758E}"
EndProject
Project("{2150E333-8FDC-42A3-9474-1A3956D46DE8}") = "Mediator", "Mediator", "{21221CF2-9567-49CB-BD26-C57CA056A193}"
EndProject
Project("{2150E333-8FDC-42A3-9474-1A3956D46DE8}") = "Memento", "Memento", "{F4908F64-0F68-4305-9812-D33F6A25C1DF}"
EndProject
Project("{2150E333-8FDC-42A3-9474-1A3956D46DE8}") = "Observer", "Observer", "{C416461A-BD42-41F2-9E64-9AF48E341D0A}"
EndProject
Project("{2150E333-8FDC-42A3-9474-1A3956D46DE8}") = "Prototype", "Prototype", "{882E6807-DB90-415F-A43F-EADB632DA835}"
EndProject
Project("{2150E333-8FDC-42A3-9474-1A3956D46DE8}") = "State", "State", "{70E90A64-EBFD-4DF3-A728-851E871C6CEA}"
EndProject
Project("{2150E333-8FDC-42A3-9474-1A3956D46DE8}") = "Strategy", "Strategy", "{CF1D8EFE-1004-45CA-AAC4-61605A95F13B}"
EndProject
Project("{2150E333-8FDC-42A3-9474-1A3956D46DE8}") = "TemplateMethod", "TemplateMethod", "{90CA3D9A-011E-451E-8621-045AE31410B0}"
EndProject
Project("{2150E333-8FDC-42A3-9474-1A3956D46DE8}") = "Visitor", "Visitor", "{116FB551-1598-491E-85CE-9469D9BC0006}"
EndProject
Project("{2150E333-8FDC-42A3-9474-1A3956D46DE8}") = "AbstractFactory", "AbstractFactory", "{AE91520A-525F-41ED-ABA9-E749C52E14DD}"
EndProject
Project("{2150E333-8FDC-42A3-9474-1A3956D46DE8}") = "Builder", "Builder", "{66C11507-777E-4103-B1F4-D3A5BED3A3B5}"
EndProject
Project("{2150E333-8FDC-42A3-9474-1A3956D46DE8}") = "FactoryMethod", "FactoryMethod", "{35A2C647-1604-4B30-B007-EDF1FB83C537}"
EndProject
Project("{2150E333-8FDC-42A3-9474-1A3956D46DE8}") = "Multiton", "Multiton", "{1E4A74FF-51F1-4AFB-AA13-C643A37C90D2}"
EndProject
Project("{2150E333-8FDC-42A3-9474-1A3956D46DE8}") = "Singleton", "Singleton", "{F789D28D-93BE-412C-A772-4DAB3ACD5EE3}"
EndProject
Project("{2150E333-8FDC-42A3-9474-1A3956D46DE8}") = "Adapter", "Adapter", "{98AD6FB4-E035-4532-A084-812BA18595C4}"
EndProject
Project("{2150E333-8FDC-42A3-9474-1A3956D46DE8}") = "Bridge", "Bridge", "{967D9FB5-CF2D-4613-86AA-88304908D82B}"
EndProject
Project("{2150E333-8FDC-42A3-9474-1A3956D46DE8}") = "Composite", "Composite", "{B9FB4700-E023-4583-95FB-3033A189EA1C}"
EndProject
Project("{2150E333-8FDC-42A3-9474-1A3956D46DE8}") = "Decorator", "Decorator", "{65CBCD96-3EE6-4985-96F7-399E8ADDA95C}"
EndProject
Project("{2150E333-8FDC-42A3-9474-1A3956D46DE8}") = "Facade", "Facade", "{5A32AB22-1C05-46D3-985F-2BAB4B9BBE9B}"
EndProject
Project("{2150E333-8FDC-42A3-9474-1A3956D46DE8}") = "Flyweight", "Flyweight", "{A1D271C2-F54B-4BB2-A3F3-A7117E761B22}"
EndProject
Project("{2150E333-8FDC-42A3-9474-1A3956D46DE8}") = "Proxy", "Proxy", "{0CA69A6F-C147-47DD-B777-5371FC6B2F26}"
EndProject
Project("{9A19103F-16F7-4668-BE54-9A1E7A4F7556}") = "Example_001", "Creational\FactoryMethod\Example_001\Example_001.csproj", "{6F08B696-6A24-4A13-B9AA-662070C4DD0F}"
EndProject
Project("{9A19103F-16F7-4668-BE54-9A1E7A4F7556}") = "Example_002", "Creational\FactoryMethod\Example_002\Example_002.csproj", "{40714B96-6266-4515-982A-BEDBD7B27D88}"
EndProject
Project("{9A19103F-16F7-4668-BE54-9A1E7A4F7556}") = "Example_003", "Creational\FactoryMethod\Example_003\Example_003.csproj", "{FEDCF722-3FE1-4C60-A969-07F4C1197DCD}"
EndProject
Project("{8BC9CEB8-8B4A-11D0-8D11-00A0C91BC942}") = "Example_004", "Creational\FactoryMethod\Example_004\Example_004.vcxproj", "{1E33F008-82BB-4428-9915-5517E7E6D87B}"
EndProject
Project("{8BC9CEB8-8B4A-11D0-8D11-00A0C91BC942}") = "Example_005", "Creational\FactoryMethod\Example_005\Example_005.vcxproj", "{5CCF30E5-7497-44C7-9A68-533BA6493B3B}"
EndProject
Project("{9A19103F-16F7-4668-BE54-9A1E7A4F7556}") = "Example_001", "Creational\AbstractFactory\Example_001\Example_001.csproj", "{B4BACED1-643A-4788-BFD0-FDC67ABB3647}"
EndProject
Project("{9A19103F-16F7-4668-BE54-9A1E7A4F7556}") = "Example_002", "Creational\AbstractFactory\Example_002\Example_002.csproj", "{084D374B-8F54-459A-A1A3-63BAD4CB980F}"
EndProject
Project("{9A19103F-16F7-4668-BE54-9A1E7A4F7556}") = "Example_001", "Creational\Builder\Example_001\Example_001.csproj", "{A2897D04-CD5D-4CAE-B3BD-58530AAC1423}"
EndProject
Project("{9A19103F-16F7-4668-BE54-9A1E7A4F7556}") = "Example_002", "Creational\Builder\Example_002\Example_002.csproj", "{70260BC4-7FCC-48DA-A5F4-B74EF26E0E02}"
EndProject
Project("{8BC9CEB8-8B4A-11D0-8D11-00A0C91BC942}") = "Example_003", "Creational\Builder\Example_003\Example_003.vcxproj", "{FFB96FBD-9624-4082-9F14-1FCB1BD759BC}"
EndProject
Project("{9A19103F-16F7-4668-BE54-9A1E7A4F7556}") = "Example_001", "Creational\Singleton\Example_001\Example_001.csproj", "{74CA61AB-1219-49B0-A61E-A01E91AC807D}"
EndProject
Project("{8BC9CEB8-8B4A-11D0-8D11-00A0C91BC942}") = "Example_002", "Creational\Singleton\Example_002\Example_002.vcxproj", "{E7C03FBC-A800-4A87-BCC7-39305286F8B9}"
EndProject
Project("{8BC9CEB8-8B4A-11D0-8D11-00A0C91BC942}") = "Example_001", "Creational\Multiton\Example_001\Example_001.vcxproj", "{CB7EE8CB-AB89-45DE-A39B-4040227E2234}"
EndProject
Project("{9A19103F-16F7-4668-BE54-9A1E7A4F7556}") = "Example_001", "Creational\Prototype\Example_001\Example_001.csproj", "{4480862A-8052-4139-B3D1-F1FB88518B31}"
EndProject
Project("{9A19103F-16F7-4668-BE54-9A1E7A4F7556}") = "Example_002", "Creational\Prototype\Example_002\Example_002.csproj", "{B9ECD344-B966-4B3C-AFC5-B80A5A4AE76E}"
EndProject
Project("{9A19103F-16F7-4668-BE54-9A1E7A4F7556}") = "Example_001", "Structural\Adapter\Example_001\Example_001.csproj", "{8D1E7EF1-87A9-4D98-8899-C3D5E95DE9E9}"
EndProject
Project("{9A19103F-16F7-4668-BE54-9A1E7A4F7556}") = "Example_002", "Structural\Adapter\Example_002\Example_002.csproj", "{034BD597-89DA-4DF2-A614-0664CB6C3769}"
EndProject
Project("{9A19103F-16F7-4668-BE54-9A1E7A4F7556}") = "Example_001", "Structural\Bridge\Example_001\Example_001.csproj", "{78F206BB-2F15-46BD-AEC3-11815FE85CA1}"
EndProject
Project("{9A19103F-16F7-4668-BE54-9A1E7A4F7556}") = "Example_001", "Structural\Composite\Example_001\Example_001.csproj", "{4D110487-145C-4464-9FA3-0C86AED46B0D}"
EndProject
Project("{9A19103F-16F7-4668-BE54-9A1E7A4F7556}") = "Example_004", "Creational\Builder\Example_004\Example_004.csproj", "{0EEBD02C-8339-43E4-B890-BCD8E664E926}"
EndProject
Project("{9A19103F-16F7-4668-BE54-9A1E7A4F7556}") = "Example_005", "Creational\Builder\Example_005\Example_005.csproj", "{117F9E4D-339A-42C9-BBDB-2D21ACC61B14}"
EndProject
Project("{9A19103F-16F7-4668-BE54-9A1E7A4F7556}") = "Example_006", "Creational\Builder\Example_006\Example_006.csproj", "{0968F0AD-FC61-4FD1-8B0B-777256ADAE9F}"
EndProject
Project("{9A19103F-16F7-4668-BE54-9A1E7A4F7556}") = "Example_007", "Creational\Builder\Example_007\Example_007.csproj", "{59E3511B-FD70-437E-959E-DE677ABEAB1C}"
EndProject
Project("{9A19103F-16F7-4668-BE54-9A1E7A4F7556}") = "Example_008", "Creational\Builder\Example_008\Example_008.csproj", "{5362D4BE-CF54-44F6-B182-2D2882C4BF98}"
EndProject
Project("{FAE04EC0-301F-11D3-BF4B-00C04F79EFBC}") = "Example_003", "Creational\Prototype\Example_003\Example_003.csproj", "{F110E9A4-2AA6-40A1-9FD1-457A063CDD91}"
EndProject
Global
	GlobalSection(SolutionConfigurationPlatforms) = preSolution
		Debug|Any CPU = Debug|Any CPU
		Debug|x64 = Debug|x64
		Debug|x86 = Debug|x86
		Release|Any CPU = Release|Any CPU
		Release|x64 = Release|x64
		Release|x86 = Release|x86
	EndGlobalSection
	GlobalSection(ProjectConfigurationPlatforms) = postSolution
		{6F08B696-6A24-4A13-B9AA-662070C4DD0F}.Debug|Any CPU.ActiveCfg = Debug|Any CPU
		{6F08B696-6A24-4A13-B9AA-662070C4DD0F}.Debug|Any CPU.Build.0 = Debug|Any CPU
		{6F08B696-6A24-4A13-B9AA-662070C4DD0F}.Debug|x64.ActiveCfg = Debug|Any CPU
		{6F08B696-6A24-4A13-B9AA-662070C4DD0F}.Debug|x64.Build.0 = Debug|Any CPU
		{6F08B696-6A24-4A13-B9AA-662070C4DD0F}.Debug|x86.ActiveCfg = Debug|Any CPU
		{6F08B696-6A24-4A13-B9AA-662070C4DD0F}.Debug|x86.Build.0 = Debug|Any CPU
		{6F08B696-6A24-4A13-B9AA-662070C4DD0F}.Release|Any CPU.ActiveCfg = Release|Any CPU
		{6F08B696-6A24-4A13-B9AA-662070C4DD0F}.Release|Any CPU.Build.0 = Release|Any CPU
		{6F08B696-6A24-4A13-B9AA-662070C4DD0F}.Release|x64.ActiveCfg = Release|Any CPU
		{6F08B696-6A24-4A13-B9AA-662070C4DD0F}.Release|x64.Build.0 = Release|Any CPU
		{6F08B696-6A24-4A13-B9AA-662070C4DD0F}.Release|x86.ActiveCfg = Release|Any CPU
		{6F08B696-6A24-4A13-B9AA-662070C4DD0F}.Release|x86.Build.0 = Release|Any CPU
		{40714B96-6266-4515-982A-BEDBD7B27D88}.Debug|Any CPU.ActiveCfg = Debug|Any CPU
		{40714B96-6266-4515-982A-BEDBD7B27D88}.Debug|Any CPU.Build.0 = Debug|Any CPU
		{40714B96-6266-4515-982A-BEDBD7B27D88}.Debug|x64.ActiveCfg = Debug|Any CPU
		{40714B96-6266-4515-982A-BEDBD7B27D88}.Debug|x64.Build.0 = Debug|Any CPU
		{40714B96-6266-4515-982A-BEDBD7B27D88}.Debug|x86.ActiveCfg = Debug|Any CPU
		{40714B96-6266-4515-982A-BEDBD7B27D88}.Debug|x86.Build.0 = Debug|Any CPU
		{40714B96-6266-4515-982A-BEDBD7B27D88}.Release|Any CPU.ActiveCfg = Release|Any CPU
		{40714B96-6266-4515-982A-BEDBD7B27D88}.Release|Any CPU.Build.0 = Release|Any CPU
		{40714B96-6266-4515-982A-BEDBD7B27D88}.Release|x64.ActiveCfg = Release|Any CPU
		{40714B96-6266-4515-982A-BEDBD7B27D88}.Release|x64.Build.0 = Release|Any CPU
		{40714B96-6266-4515-982A-BEDBD7B27D88}.Release|x86.ActiveCfg = Release|Any CPU
		{40714B96-6266-4515-982A-BEDBD7B27D88}.Release|x86.Build.0 = Release|Any CPU
		{FEDCF722-3FE1-4C60-A969-07F4C1197DCD}.Debug|Any CPU.ActiveCfg = Debug|Any CPU
		{FEDCF722-3FE1-4C60-A969-07F4C1197DCD}.Debug|Any CPU.Build.0 = Debug|Any CPU
		{FEDCF722-3FE1-4C60-A969-07F4C1197DCD}.Debug|x64.ActiveCfg = Debug|Any CPU
		{FEDCF722-3FE1-4C60-A969-07F4C1197DCD}.Debug|x64.Build.0 = Debug|Any CPU
		{FEDCF722-3FE1-4C60-A969-07F4C1197DCD}.Debug|x86.ActiveCfg = Debug|Any CPU
		{FEDCF722-3FE1-4C60-A969-07F4C1197DCD}.Debug|x86.Build.0 = Debug|Any CPU
		{FEDCF722-3FE1-4C60-A969-07F4C1197DCD}.Release|Any CPU.ActiveCfg = Release|Any CPU
		{FEDCF722-3FE1-4C60-A969-07F4C1197DCD}.Release|Any CPU.Build.0 = Release|Any CPU
		{FEDCF722-3FE1-4C60-A969-07F4C1197DCD}.Release|x64.ActiveCfg = Release|Any CPU
		{FEDCF722-3FE1-4C60-A969-07F4C1197DCD}.Release|x64.Build.0 = Release|Any CPU
		{FEDCF722-3FE1-4C60-A969-07F4C1197DCD}.Release|x86.ActiveCfg = Release|Any CPU
		{FEDCF722-3FE1-4C60-A969-07F4C1197DCD}.Release|x86.Build.0 = Release|Any CPU
		{1E33F008-82BB-4428-9915-5517E7E6D87B}.Debug|Any CPU.ActiveCfg = Debug|x64
		{1E33F008-82BB-4428-9915-5517E7E6D87B}.Debug|Any CPU.Build.0 = Debug|x64
		{1E33F008-82BB-4428-9915-5517E7E6D87B}.Debug|x64.ActiveCfg = Debug|x64
		{1E33F008-82BB-4428-9915-5517E7E6D87B}.Debug|x64.Build.0 = Debug|x64
		{1E33F008-82BB-4428-9915-5517E7E6D87B}.Debug|x86.ActiveCfg = Debug|Win32
		{1E33F008-82BB-4428-9915-5517E7E6D87B}.Debug|x86.Build.0 = Debug|Win32
		{1E33F008-82BB-4428-9915-5517E7E6D87B}.Release|Any CPU.ActiveCfg = Release|x64
		{1E33F008-82BB-4428-9915-5517E7E6D87B}.Release|Any CPU.Build.0 = Release|x64
		{1E33F008-82BB-4428-9915-5517E7E6D87B}.Release|x64.ActiveCfg = Release|x64
		{1E33F008-82BB-4428-9915-5517E7E6D87B}.Release|x64.Build.0 = Release|x64
		{1E33F008-82BB-4428-9915-5517E7E6D87B}.Release|x86.ActiveCfg = Release|Win32
		{1E33F008-82BB-4428-9915-5517E7E6D87B}.Release|x86.Build.0 = Release|Win32
		{5CCF30E5-7497-44C7-9A68-533BA6493B3B}.Debug|Any CPU.ActiveCfg = Debug|x64
		{5CCF30E5-7497-44C7-9A68-533BA6493B3B}.Debug|Any CPU.Build.0 = Debug|x64
		{5CCF30E5-7497-44C7-9A68-533BA6493B3B}.Debug|x64.ActiveCfg = Debug|x64
		{5CCF30E5-7497-44C7-9A68-533BA6493B3B}.Debug|x64.Build.0 = Debug|x64
		{5CCF30E5-7497-44C7-9A68-533BA6493B3B}.Debug|x86.ActiveCfg = Debug|Win32
		{5CCF30E5-7497-44C7-9A68-533BA6493B3B}.Debug|x86.Build.0 = Debug|Win32
		{5CCF30E5-7497-44C7-9A68-533BA6493B3B}.Release|Any CPU.ActiveCfg = Release|x64
		{5CCF30E5-7497-44C7-9A68-533BA6493B3B}.Release|Any CPU.Build.0 = Release|x64
		{5CCF30E5-7497-44C7-9A68-533BA6493B3B}.Release|x64.ActiveCfg = Release|x64
		{5CCF30E5-7497-44C7-9A68-533BA6493B3B}.Release|x64.Build.0 = Release|x64
		{5CCF30E5-7497-44C7-9A68-533BA6493B3B}.Release|x86.ActiveCfg = Release|Win32
		{5CCF30E5-7497-44C7-9A68-533BA6493B3B}.Release|x86.Build.0 = Release|Win32
		{B4BACED1-643A-4788-BFD0-FDC67ABB3647}.Debug|Any CPU.ActiveCfg = Debug|Any CPU
		{B4BACED1-643A-4788-BFD0-FDC67ABB3647}.Debug|Any CPU.Build.0 = Debug|Any CPU
		{B4BACED1-643A-4788-BFD0-FDC67ABB3647}.Debug|x64.ActiveCfg = Debug|Any CPU
		{B4BACED1-643A-4788-BFD0-FDC67ABB3647}.Debug|x64.Build.0 = Debug|Any CPU
		{B4BACED1-643A-4788-BFD0-FDC67ABB3647}.Debug|x86.ActiveCfg = Debug|Any CPU
		{B4BACED1-643A-4788-BFD0-FDC67ABB3647}.Debug|x86.Build.0 = Debug|Any CPU
		{B4BACED1-643A-4788-BFD0-FDC67ABB3647}.Release|Any CPU.ActiveCfg = Release|Any CPU
		{B4BACED1-643A-4788-BFD0-FDC67ABB3647}.Release|Any CPU.Build.0 = Release|Any CPU
		{B4BACED1-643A-4788-BFD0-FDC67ABB3647}.Release|x64.ActiveCfg = Release|Any CPU
		{B4BACED1-643A-4788-BFD0-FDC67ABB3647}.Release|x64.Build.0 = Release|Any CPU
		{B4BACED1-643A-4788-BFD0-FDC67ABB3647}.Release|x86.ActiveCfg = Release|Any CPU
		{B4BACED1-643A-4788-BFD0-FDC67ABB3647}.Release|x86.Build.0 = Release|Any CPU
		{084D374B-8F54-459A-A1A3-63BAD4CB980F}.Debug|Any CPU.ActiveCfg = Debug|Any CPU
		{084D374B-8F54-459A-A1A3-63BAD4CB980F}.Debug|Any CPU.Build.0 = Debug|Any CPU
		{084D374B-8F54-459A-A1A3-63BAD4CB980F}.Debug|x64.ActiveCfg = Debug|Any CPU
		{084D374B-8F54-459A-A1A3-63BAD4CB980F}.Debug|x64.Build.0 = Debug|Any CPU
		{084D374B-8F54-459A-A1A3-63BAD4CB980F}.Debug|x86.ActiveCfg = Debug|Any CPU
		{084D374B-8F54-459A-A1A3-63BAD4CB980F}.Debug|x86.Build.0 = Debug|Any CPU
		{084D374B-8F54-459A-A1A3-63BAD4CB980F}.Release|Any CPU.ActiveCfg = Release|Any CPU
		{084D374B-8F54-459A-A1A3-63BAD4CB980F}.Release|Any CPU.Build.0 = Release|Any CPU
		{084D374B-8F54-459A-A1A3-63BAD4CB980F}.Release|x64.ActiveCfg = Release|Any CPU
		{084D374B-8F54-459A-A1A3-63BAD4CB980F}.Release|x64.Build.0 = Release|Any CPU
		{084D374B-8F54-459A-A1A3-63BAD4CB980F}.Release|x86.ActiveCfg = Release|Any CPU
		{084D374B-8F54-459A-A1A3-63BAD4CB980F}.Release|x86.Build.0 = Release|Any CPU
		{A2897D04-CD5D-4CAE-B3BD-58530AAC1423}.Debug|Any CPU.ActiveCfg = Debug|Any CPU
		{A2897D04-CD5D-4CAE-B3BD-58530AAC1423}.Debug|Any CPU.Build.0 = Debug|Any CPU
		{A2897D04-CD5D-4CAE-B3BD-58530AAC1423}.Debug|x64.ActiveCfg = Debug|Any CPU
		{A2897D04-CD5D-4CAE-B3BD-58530AAC1423}.Debug|x64.Build.0 = Debug|Any CPU
		{A2897D04-CD5D-4CAE-B3BD-58530AAC1423}.Debug|x86.ActiveCfg = Debug|Any CPU
		{A2897D04-CD5D-4CAE-B3BD-58530AAC1423}.Debug|x86.Build.0 = Debug|Any CPU
		{A2897D04-CD5D-4CAE-B3BD-58530AAC1423}.Release|Any CPU.ActiveCfg = Release|Any CPU
		{A2897D04-CD5D-4CAE-B3BD-58530AAC1423}.Release|Any CPU.Build.0 = Release|Any CPU
		{A2897D04-CD5D-4CAE-B3BD-58530AAC1423}.Release|x64.ActiveCfg = Release|Any CPU
		{A2897D04-CD5D-4CAE-B3BD-58530AAC1423}.Release|x64.Build.0 = Release|Any CPU
		{A2897D04-CD5D-4CAE-B3BD-58530AAC1423}.Release|x86.ActiveCfg = Release|Any CPU
		{A2897D04-CD5D-4CAE-B3BD-58530AAC1423}.Release|x86.Build.0 = Release|Any CPU
		{70260BC4-7FCC-48DA-A5F4-B74EF26E0E02}.Debug|Any CPU.ActiveCfg = Debug|Any CPU
		{70260BC4-7FCC-48DA-A5F4-B74EF26E0E02}.Debug|Any CPU.Build.0 = Debug|Any CPU
		{70260BC4-7FCC-48DA-A5F4-B74EF26E0E02}.Debug|x64.ActiveCfg = Debug|Any CPU
		{70260BC4-7FCC-48DA-A5F4-B74EF26E0E02}.Debug|x64.Build.0 = Debug|Any CPU
		{70260BC4-7FCC-48DA-A5F4-B74EF26E0E02}.Debug|x86.ActiveCfg = Debug|Any CPU
		{70260BC4-7FCC-48DA-A5F4-B74EF26E0E02}.Debug|x86.Build.0 = Debug|Any CPU
		{70260BC4-7FCC-48DA-A5F4-B74EF26E0E02}.Release|Any CPU.ActiveCfg = Release|Any CPU
		{70260BC4-7FCC-48DA-A5F4-B74EF26E0E02}.Release|Any CPU.Build.0 = Release|Any CPU
		{70260BC4-7FCC-48DA-A5F4-B74EF26E0E02}.Release|x64.ActiveCfg = Release|Any CPU
		{70260BC4-7FCC-48DA-A5F4-B74EF26E0E02}.Release|x64.Build.0 = Release|Any CPU
		{70260BC4-7FCC-48DA-A5F4-B74EF26E0E02}.Release|x86.ActiveCfg = Release|Any CPU
		{70260BC4-7FCC-48DA-A5F4-B74EF26E0E02}.Release|x86.Build.0 = Release|Any CPU
		{FFB96FBD-9624-4082-9F14-1FCB1BD759BC}.Debug|Any CPU.ActiveCfg = Debug|x64
		{FFB96FBD-9624-4082-9F14-1FCB1BD759BC}.Debug|Any CPU.Build.0 = Debug|x64
		{FFB96FBD-9624-4082-9F14-1FCB1BD759BC}.Debug|x64.ActiveCfg = Debug|x64
		{FFB96FBD-9624-4082-9F14-1FCB1BD759BC}.Debug|x64.Build.0 = Debug|x64
		{FFB96FBD-9624-4082-9F14-1FCB1BD759BC}.Debug|x86.ActiveCfg = Debug|Win32
		{FFB96FBD-9624-4082-9F14-1FCB1BD759BC}.Debug|x86.Build.0 = Debug|Win32
		{FFB96FBD-9624-4082-9F14-1FCB1BD759BC}.Release|Any CPU.ActiveCfg = Release|x64
		{FFB96FBD-9624-4082-9F14-1FCB1BD759BC}.Release|Any CPU.Build.0 = Release|x64
		{FFB96FBD-9624-4082-9F14-1FCB1BD759BC}.Release|x64.ActiveCfg = Release|x64
		{FFB96FBD-9624-4082-9F14-1FCB1BD759BC}.Release|x64.Build.0 = Release|x64
		{FFB96FBD-9624-4082-9F14-1FCB1BD759BC}.Release|x86.ActiveCfg = Release|Win32
		{FFB96FBD-9624-4082-9F14-1FCB1BD759BC}.Release|x86.Build.0 = Release|Win32
		{74CA61AB-1219-49B0-A61E-A01E91AC807D}.Debug|Any CPU.ActiveCfg = Debug|Any CPU
		{74CA61AB-1219-49B0-A61E-A01E91AC807D}.Debug|Any CPU.Build.0 = Debug|Any CPU
		{74CA61AB-1219-49B0-A61E-A01E91AC807D}.Debug|x64.ActiveCfg = Debug|Any CPU
		{74CA61AB-1219-49B0-A61E-A01E91AC807D}.Debug|x64.Build.0 = Debug|Any CPU
		{74CA61AB-1219-49B0-A61E-A01E91AC807D}.Debug|x86.ActiveCfg = Debug|Any CPU
		{74CA61AB-1219-49B0-A61E-A01E91AC807D}.Debug|x86.Build.0 = Debug|Any CPU
		{74CA61AB-1219-49B0-A61E-A01E91AC807D}.Release|Any CPU.ActiveCfg = Release|Any CPU
		{74CA61AB-1219-49B0-A61E-A01E91AC807D}.Release|Any CPU.Build.0 = Release|Any CPU
		{74CA61AB-1219-49B0-A61E-A01E91AC807D}.Release|x64.ActiveCfg = Release|Any CPU
		{74CA61AB-1219-49B0-A61E-A01E91AC807D}.Release|x64.Build.0 = Release|Any CPU
		{74CA61AB-1219-49B0-A61E-A01E91AC807D}.Release|x86.ActiveCfg = Release|Any CPU
		{74CA61AB-1219-49B0-A61E-A01E91AC807D}.Release|x86.Build.0 = Release|Any CPU
		{E7C03FBC-A800-4A87-BCC7-39305286F8B9}.Debug|Any CPU.ActiveCfg = Debug|x64
		{E7C03FBC-A800-4A87-BCC7-39305286F8B9}.Debug|Any CPU.Build.0 = Debug|x64
		{E7C03FBC-A800-4A87-BCC7-39305286F8B9}.Debug|x64.ActiveCfg = Debug|x64
		{E7C03FBC-A800-4A87-BCC7-39305286F8B9}.Debug|x64.Build.0 = Debug|x64
		{E7C03FBC-A800-4A87-BCC7-39305286F8B9}.Debug|x86.ActiveCfg = Debug|Win32
		{E7C03FBC-A800-4A87-BCC7-39305286F8B9}.Debug|x86.Build.0 = Debug|Win32
		{E7C03FBC-A800-4A87-BCC7-39305286F8B9}.Release|Any CPU.ActiveCfg = Release|x64
		{E7C03FBC-A800-4A87-BCC7-39305286F8B9}.Release|Any CPU.Build.0 = Release|x64
		{E7C03FBC-A800-4A87-BCC7-39305286F8B9}.Release|x64.ActiveCfg = Release|x64
		{E7C03FBC-A800-4A87-BCC7-39305286F8B9}.Release|x64.Build.0 = Release|x64
		{E7C03FBC-A800-4A87-BCC7-39305286F8B9}.Release|x86.ActiveCfg = Release|Win32
		{E7C03FBC-A800-4A87-BCC7-39305286F8B9}.Release|x86.Build.0 = Release|Win32
		{CB7EE8CB-AB89-45DE-A39B-4040227E2234}.Debug|Any CPU.ActiveCfg = Debug|x64
		{CB7EE8CB-AB89-45DE-A39B-4040227E2234}.Debug|Any CPU.Build.0 = Debug|x64
		{CB7EE8CB-AB89-45DE-A39B-4040227E2234}.Debug|x64.ActiveCfg = Debug|x64
		{CB7EE8CB-AB89-45DE-A39B-4040227E2234}.Debug|x64.Build.0 = Debug|x64
		{CB7EE8CB-AB89-45DE-A39B-4040227E2234}.Debug|x86.ActiveCfg = Debug|Win32
		{CB7EE8CB-AB89-45DE-A39B-4040227E2234}.Debug|x86.Build.0 = Debug|Win32
		{CB7EE8CB-AB89-45DE-A39B-4040227E2234}.Release|Any CPU.ActiveCfg = Release|x64
		{CB7EE8CB-AB89-45DE-A39B-4040227E2234}.Release|Any CPU.Build.0 = Release|x64
		{CB7EE8CB-AB89-45DE-A39B-4040227E2234}.Release|x64.ActiveCfg = Release|x64
		{CB7EE8CB-AB89-45DE-A39B-4040227E2234}.Release|x64.Build.0 = Release|x64
		{CB7EE8CB-AB89-45DE-A39B-4040227E2234}.Release|x86.ActiveCfg = Release|Win32
		{CB7EE8CB-AB89-45DE-A39B-4040227E2234}.Release|x86.Build.0 = Release|Win32
		{4480862A-8052-4139-B3D1-F1FB88518B31}.Debug|Any CPU.ActiveCfg = Debug|Any CPU
		{4480862A-8052-4139-B3D1-F1FB88518B31}.Debug|Any CPU.Build.0 = Debug|Any CPU
		{4480862A-8052-4139-B3D1-F1FB88518B31}.Debug|x64.ActiveCfg = Debug|Any CPU
		{4480862A-8052-4139-B3D1-F1FB88518B31}.Debug|x64.Build.0 = Debug|Any CPU
		{4480862A-8052-4139-B3D1-F1FB88518B31}.Debug|x86.ActiveCfg = Debug|Any CPU
		{4480862A-8052-4139-B3D1-F1FB88518B31}.Debug|x86.Build.0 = Debug|Any CPU
		{4480862A-8052-4139-B3D1-F1FB88518B31}.Release|Any CPU.ActiveCfg = Release|Any CPU
		{4480862A-8052-4139-B3D1-F1FB88518B31}.Release|Any CPU.Build.0 = Release|Any CPU
		{4480862A-8052-4139-B3D1-F1FB88518B31}.Release|x64.ActiveCfg = Release|Any CPU
		{4480862A-8052-4139-B3D1-F1FB88518B31}.Release|x64.Build.0 = Release|Any CPU
		{4480862A-8052-4139-B3D1-F1FB88518B31}.Release|x86.ActiveCfg = Release|Any CPU
		{4480862A-8052-4139-B3D1-F1FB88518B31}.Release|x86.Build.0 = Release|Any CPU
		{B9ECD344-B966-4B3C-AFC5-B80A5A4AE76E}.Debug|Any CPU.ActiveCfg = Debug|Any CPU
		{B9ECD344-B966-4B3C-AFC5-B80A5A4AE76E}.Debug|Any CPU.Build.0 = Debug|Any CPU
		{B9ECD344-B966-4B3C-AFC5-B80A5A4AE76E}.Debug|x64.ActiveCfg = Debug|Any CPU
		{B9ECD344-B966-4B3C-AFC5-B80A5A4AE76E}.Debug|x64.Build.0 = Debug|Any CPU
		{B9ECD344-B966-4B3C-AFC5-B80A5A4AE76E}.Debug|x86.ActiveCfg = Debug|Any CPU
		{B9ECD344-B966-4B3C-AFC5-B80A5A4AE76E}.Debug|x86.Build.0 = Debug|Any CPU
		{B9ECD344-B966-4B3C-AFC5-B80A5A4AE76E}.Release|Any CPU.ActiveCfg = Release|Any CPU
		{B9ECD344-B966-4B3C-AFC5-B80A5A4AE76E}.Release|Any CPU.Build.0 = Release|Any CPU
		{B9ECD344-B966-4B3C-AFC5-B80A5A4AE76E}.Release|x64.ActiveCfg = Release|Any CPU
		{B9ECD344-B966-4B3C-AFC5-B80A5A4AE76E}.Release|x64.Build.0 = Release|Any CPU
		{B9ECD344-B966-4B3C-AFC5-B80A5A4AE76E}.Release|x86.ActiveCfg = Release|Any CPU
		{B9ECD344-B966-4B3C-AFC5-B80A5A4AE76E}.Release|x86.Build.0 = Release|Any CPU
		{8D1E7EF1-87A9-4D98-8899-C3D5E95DE9E9}.Debug|Any CPU.ActiveCfg = Debug|Any CPU
		{8D1E7EF1-87A9-4D98-8899-C3D5E95DE9E9}.Debug|Any CPU.Build.0 = Debug|Any CPU
		{8D1E7EF1-87A9-4D98-8899-C3D5E95DE9E9}.Debug|x64.ActiveCfg = Debug|Any CPU
		{8D1E7EF1-87A9-4D98-8899-C3D5E95DE9E9}.Debug|x64.Build.0 = Debug|Any CPU
		{8D1E7EF1-87A9-4D98-8899-C3D5E95DE9E9}.Debug|x86.ActiveCfg = Debug|Any CPU
		{8D1E7EF1-87A9-4D98-8899-C3D5E95DE9E9}.Debug|x86.Build.0 = Debug|Any CPU
		{8D1E7EF1-87A9-4D98-8899-C3D5E95DE9E9}.Release|Any CPU.ActiveCfg = Release|Any CPU
		{8D1E7EF1-87A9-4D98-8899-C3D5E95DE9E9}.Release|Any CPU.Build.0 = Release|Any CPU
		{8D1E7EF1-87A9-4D98-8899-C3D5E95DE9E9}.Release|x64.ActiveCfg = Release|Any CPU
		{8D1E7EF1-87A9-4D98-8899-C3D5E95DE9E9}.Release|x64.Build.0 = Release|Any CPU
		{8D1E7EF1-87A9-4D98-8899-C3D5E95DE9E9}.Release|x86.ActiveCfg = Release|Any CPU
		{8D1E7EF1-87A9-4D98-8899-C3D5E95DE9E9}.Release|x86.Build.0 = Release|Any CPU
		{034BD597-89DA-4DF2-A614-0664CB6C3769}.Debug|Any CPU.ActiveCfg = Debug|Any CPU
		{034BD597-89DA-4DF2-A614-0664CB6C3769}.Debug|Any CPU.Build.0 = Debug|Any CPU
		{034BD597-89DA-4DF2-A614-0664CB6C3769}.Debug|x64.ActiveCfg = Debug|Any CPU
		{034BD597-89DA-4DF2-A614-0664CB6C3769}.Debug|x64.Build.0 = Debug|Any CPU
		{034BD597-89DA-4DF2-A614-0664CB6C3769}.Debug|x86.ActiveCfg = Debug|Any CPU
		{034BD597-89DA-4DF2-A614-0664CB6C3769}.Debug|x86.Build.0 = Debug|Any CPU
		{034BD597-89DA-4DF2-A614-0664CB6C3769}.Release|Any CPU.ActiveCfg = Release|Any CPU
		{034BD597-89DA-4DF2-A614-0664CB6C3769}.Release|Any CPU.Build.0 = Release|Any CPU
		{034BD597-89DA-4DF2-A614-0664CB6C3769}.Release|x64.ActiveCfg = Release|Any CPU
		{034BD597-89DA-4DF2-A614-0664CB6C3769}.Release|x64.Build.0 = Release|Any CPU
		{034BD597-89DA-4DF2-A614-0664CB6C3769}.Release|x86.ActiveCfg = Release|Any CPU
		{034BD597-89DA-4DF2-A614-0664CB6C3769}.Release|x86.Build.0 = Release|Any CPU
		{78F206BB-2F15-46BD-AEC3-11815FE85CA1}.Debug|Any CPU.ActiveCfg = Debug|Any CPU
		{78F206BB-2F15-46BD-AEC3-11815FE85CA1}.Debug|Any CPU.Build.0 = Debug|Any CPU
		{78F206BB-2F15-46BD-AEC3-11815FE85CA1}.Debug|x64.ActiveCfg = Debug|Any CPU
		{78F206BB-2F15-46BD-AEC3-11815FE85CA1}.Debug|x64.Build.0 = Debug|Any CPU
		{78F206BB-2F15-46BD-AEC3-11815FE85CA1}.Debug|x86.ActiveCfg = Debug|Any CPU
		{78F206BB-2F15-46BD-AEC3-11815FE85CA1}.Debug|x86.Build.0 = Debug|Any CPU
		{78F206BB-2F15-46BD-AEC3-11815FE85CA1}.Release|Any CPU.ActiveCfg = Release|Any CPU
		{78F206BB-2F15-46BD-AEC3-11815FE85CA1}.Release|Any CPU.Build.0 = Release|Any CPU
		{78F206BB-2F15-46BD-AEC3-11815FE85CA1}.Release|x64.ActiveCfg = Release|Any CPU
		{78F206BB-2F15-46BD-AEC3-11815FE85CA1}.Release|x64.Build.0 = Release|Any CPU
		{78F206BB-2F15-46BD-AEC3-11815FE85CA1}.Release|x86.ActiveCfg = Release|Any CPU
		{78F206BB-2F15-46BD-AEC3-11815FE85CA1}.Release|x86.Build.0 = Release|Any CPU
		{4D110487-145C-4464-9FA3-0C86AED46B0D}.Debug|Any CPU.ActiveCfg = Debug|Any CPU
		{4D110487-145C-4464-9FA3-0C86AED46B0D}.Debug|Any CPU.Build.0 = Debug|Any CPU
		{4D110487-145C-4464-9FA3-0C86AED46B0D}.Debug|x64.ActiveCfg = Debug|Any CPU
		{4D110487-145C-4464-9FA3-0C86AED46B0D}.Debug|x64.Build.0 = Debug|Any CPU
		{4D110487-145C-4464-9FA3-0C86AED46B0D}.Debug|x86.ActiveCfg = Debug|Any CPU
		{4D110487-145C-4464-9FA3-0C86AED46B0D}.Debug|x86.Build.0 = Debug|Any CPU
		{4D110487-145C-4464-9FA3-0C86AED46B0D}.Release|Any CPU.ActiveCfg = Release|Any CPU
		{4D110487-145C-4464-9FA3-0C86AED46B0D}.Release|Any CPU.Build.0 = Release|Any CPU
		{4D110487-145C-4464-9FA3-0C86AED46B0D}.Release|x64.ActiveCfg = Release|Any CPU
		{4D110487-145C-4464-9FA3-0C86AED46B0D}.Release|x64.Build.0 = Release|Any CPU
		{4D110487-145C-4464-9FA3-0C86AED46B0D}.Release|x86.ActiveCfg = Release|Any CPU
		{4D110487-145C-4464-9FA3-0C86AED46B0D}.Release|x86.Build.0 = Release|Any CPU
		{0EEBD02C-8339-43E4-B890-BCD8E664E926}.Debug|Any CPU.ActiveCfg = Debug|Any CPU
		{0EEBD02C-8339-43E4-B890-BCD8E664E926}.Debug|Any CPU.Build.0 = Debug|Any CPU
		{0EEBD02C-8339-43E4-B890-BCD8E664E926}.Debug|x64.ActiveCfg = Debug|Any CPU
		{0EEBD02C-8339-43E4-B890-BCD8E664E926}.Debug|x64.Build.0 = Debug|Any CPU
		{0EEBD02C-8339-43E4-B890-BCD8E664E926}.Debug|x86.ActiveCfg = Debug|Any CPU
		{0EEBD02C-8339-43E4-B890-BCD8E664E926}.Debug|x86.Build.0 = Debug|Any CPU
		{0EEBD02C-8339-43E4-B890-BCD8E664E926}.Release|Any CPU.ActiveCfg = Release|Any CPU
		{0EEBD02C-8339-43E4-B890-BCD8E664E926}.Release|Any CPU.Build.0 = Release|Any CPU
		{0EEBD02C-8339-43E4-B890-BCD8E664E926}.Release|x64.ActiveCfg = Release|Any CPU
		{0EEBD02C-8339-43E4-B890-BCD8E664E926}.Release|x64.Build.0 = Release|Any CPU
		{0EEBD02C-8339-43E4-B890-BCD8E664E926}.Release|x86.ActiveCfg = Release|Any CPU
		{0EEBD02C-8339-43E4-B890-BCD8E664E926}.Release|x86.Build.0 = Release|Any CPU
		{117F9E4D-339A-42C9-BBDB-2D21ACC61B14}.Debug|Any CPU.ActiveCfg = Debug|Any CPU
		{117F9E4D-339A-42C9-BBDB-2D21ACC61B14}.Debug|Any CPU.Build.0 = Debug|Any CPU
		{117F9E4D-339A-42C9-BBDB-2D21ACC61B14}.Debug|x64.ActiveCfg = Debug|Any CPU
		{117F9E4D-339A-42C9-BBDB-2D21ACC61B14}.Debug|x64.Build.0 = Debug|Any CPU
		{117F9E4D-339A-42C9-BBDB-2D21ACC61B14}.Debug|x86.ActiveCfg = Debug|Any CPU
		{117F9E4D-339A-42C9-BBDB-2D21ACC61B14}.Debug|x86.Build.0 = Debug|Any CPU
		{117F9E4D-339A-42C9-BBDB-2D21ACC61B14}.Release|Any CPU.ActiveCfg = Release|Any CPU
		{117F9E4D-339A-42C9-BBDB-2D21ACC61B14}.Release|Any CPU.Build.0 = Release|Any CPU
		{117F9E4D-339A-42C9-BBDB-2D21ACC61B14}.Release|x64.ActiveCfg = Release|Any CPU
		{117F9E4D-339A-42C9-BBDB-2D21ACC61B14}.Release|x64.Build.0 = Release|Any CPU
		{117F9E4D-339A-42C9-BBDB-2D21ACC61B14}.Release|x86.ActiveCfg = Release|Any CPU
		{117F9E4D-339A-42C9-BBDB-2D21ACC61B14}.Release|x86.Build.0 = Release|Any CPU
		{0968F0AD-FC61-4FD1-8B0B-777256ADAE9F}.Debug|Any CPU.ActiveCfg = Debug|Any CPU
		{0968F0AD-FC61-4FD1-8B0B-777256ADAE9F}.Debug|Any CPU.Build.0 = Debug|Any CPU
		{0968F0AD-FC61-4FD1-8B0B-777256ADAE9F}.Debug|x64.ActiveCfg = Debug|Any CPU
		{0968F0AD-FC61-4FD1-8B0B-777256ADAE9F}.Debug|x64.Build.0 = Debug|Any CPU
		{0968F0AD-FC61-4FD1-8B0B-777256ADAE9F}.Debug|x86.ActiveCfg = Debug|Any CPU
		{0968F0AD-FC61-4FD1-8B0B-777256ADAE9F}.Debug|x86.Build.0 = Debug|Any CPU
		{0968F0AD-FC61-4FD1-8B0B-777256ADAE9F}.Release|Any CPU.ActiveCfg = Release|Any CPU
		{0968F0AD-FC61-4FD1-8B0B-777256ADAE9F}.Release|Any CPU.Build.0 = Release|Any CPU
		{0968F0AD-FC61-4FD1-8B0B-777256ADAE9F}.Release|x64.ActiveCfg = Release|Any CPU
		{0968F0AD-FC61-4FD1-8B0B-777256ADAE9F}.Release|x64.Build.0 = Release|Any CPU
		{0968F0AD-FC61-4FD1-8B0B-777256ADAE9F}.Release|x86.ActiveCfg = Release|Any CPU
		{0968F0AD-FC61-4FD1-8B0B-777256ADAE9F}.Release|x86.Build.0 = Release|Any CPU
		{59E3511B-FD70-437E-959E-DE677ABEAB1C}.Debug|Any CPU.ActiveCfg = Debug|Any CPU
		{59E3511B-FD70-437E-959E-DE677ABEAB1C}.Debug|Any CPU.Build.0 = Debug|Any CPU
		{59E3511B-FD70-437E-959E-DE677ABEAB1C}.Debug|x64.ActiveCfg = Debug|Any CPU
		{59E3511B-FD70-437E-959E-DE677ABEAB1C}.Debug|x64.Build.0 = Debug|Any CPU
		{59E3511B-FD70-437E-959E-DE677ABEAB1C}.Debug|x86.ActiveCfg = Debug|Any CPU
		{59E3511B-FD70-437E-959E-DE677ABEAB1C}.Debug|x86.Build.0 = Debug|Any CPU
		{59E3511B-FD70-437E-959E-DE677ABEAB1C}.Release|Any CPU.ActiveCfg = Release|Any CPU
		{59E3511B-FD70-437E-959E-DE677ABEAB1C}.Release|Any CPU.Build.0 = Release|Any CPU
		{59E3511B-FD70-437E-959E-DE677ABEAB1C}.Release|x64.ActiveCfg = Release|Any CPU
		{59E3511B-FD70-437E-959E-DE677ABEAB1C}.Release|x64.Build.0 = Release|Any CPU
		{59E3511B-FD70-437E-959E-DE677ABEAB1C}.Release|x86.ActiveCfg = Release|Any CPU
		{59E3511B-FD70-437E-959E-DE677ABEAB1C}.Release|x86.Build.0 = Release|Any CPU
		{5362D4BE-CF54-44F6-B182-2D2882C4BF98}.Debug|Any CPU.ActiveCfg = Debug|Any CPU
		{5362D4BE-CF54-44F6-B182-2D2882C4BF98}.Debug|Any CPU.Build.0 = Debug|Any CPU
		{5362D4BE-CF54-44F6-B182-2D2882C4BF98}.Debug|x64.ActiveCfg = Debug|Any CPU
		{5362D4BE-CF54-44F6-B182-2D2882C4BF98}.Debug|x64.Build.0 = Debug|Any CPU
		{5362D4BE-CF54-44F6-B182-2D2882C4BF98}.Debug|x86.ActiveCfg = Debug|Any CPU
		{5362D4BE-CF54-44F6-B182-2D2882C4BF98}.Debug|x86.Build.0 = Debug|Any CPU
		{5362D4BE-CF54-44F6-B182-2D2882C4BF98}.Release|Any CPU.ActiveCfg = Release|Any CPU
		{5362D4BE-CF54-44F6-B182-2D2882C4BF98}.Release|Any CPU.Build.0 = Release|Any CPU
		{5362D4BE-CF54-44F6-B182-2D2882C4BF98}.Release|x64.ActiveCfg = Release|Any CPU
		{5362D4BE-CF54-44F6-B182-2D2882C4BF98}.Release|x64.Build.0 = Release|Any CPU
		{5362D4BE-CF54-44F6-B182-2D2882C4BF98}.Release|x86.ActiveCfg = Release|Any CPU
		{5362D4BE-CF54-44F6-B182-2D2882C4BF98}.Release|x86.Build.0 = Release|Any CPU
		{F110E9A4-2AA6-40A1-9FD1-457A063CDD91}.Debug|Any CPU.ActiveCfg = Debug|Any CPU
		{F110E9A4-2AA6-40A1-9FD1-457A063CDD91}.Debug|Any CPU.Build.0 = Debug|Any CPU
		{F110E9A4-2AA6-40A1-9FD1-457A063CDD91}.Debug|x64.ActiveCfg = Debug|Any CPU
		{F110E9A4-2AA6-40A1-9FD1-457A063CDD91}.Debug|x64.Build.0 = Debug|Any CPU
		{F110E9A4-2AA6-40A1-9FD1-457A063CDD91}.Debug|x86.ActiveCfg = Debug|Any CPU
		{F110E9A4-2AA6-40A1-9FD1-457A063CDD91}.Debug|x86.Build.0 = Debug|Any CPU
		{F110E9A4-2AA6-40A1-9FD1-457A063CDD91}.Release|Any CPU.ActiveCfg = Release|Any CPU
		{F110E9A4-2AA6-40A1-9FD1-457A063CDD91}.Release|Any CPU.Build.0 = Release|Any CPU
		{F110E9A4-2AA6-40A1-9FD1-457A063CDD91}.Release|x64.ActiveCfg = Release|Any CPU
		{F110E9A4-2AA6-40A1-9FD1-457A063CDD91}.Release|x64.Build.0 = Release|Any CPU
		{F110E9A4-2AA6-40A1-9FD1-457A063CDD91}.Release|x86.ActiveCfg = Release|Any CPU
		{F110E9A4-2AA6-40A1-9FD1-457A063CDD91}.Release|x86.Build.0 = Release|Any CPU
	EndGlobalSection
	GlobalSection(SolutionProperties) = preSolution
		HideSolutionNode = FALSE
	EndGlobalSection
	GlobalSection(NestedProjects) = preSolution
		{77C2AB0F-22D6-444E-91C8-236FB48D77F1} = {FB371D8C-B2BF-4533-8A7F-47FFCDF00B58}
		{EFD9F509-2B3D-4D4A-BE60-EC30179BFBA3} = {FB371D8C-B2BF-4533-8A7F-47FFCDF00B58}
		{B710BC7E-9ED9-4249-BA8A-D12854816AC6} = {FB371D8C-B2BF-4533-8A7F-47FFCDF00B58}
		{F4105131-9B97-446F-B219-307D282A758E} = {FB371D8C-B2BF-4533-8A7F-47FFCDF00B58}
		{21221CF2-9567-49CB-BD26-C57CA056A193} = {FB371D8C-B2BF-4533-8A7F-47FFCDF00B58}
		{F4908F64-0F68-4305-9812-D33F6A25C1DF} = {FB371D8C-B2BF-4533-8A7F-47FFCDF00B58}
		{C416461A-BD42-41F2-9E64-9AF48E341D0A} = {FB371D8C-B2BF-4533-8A7F-47FFCDF00B58}
		{882E6807-DB90-415F-A43F-EADB632DA835} = {EC6DD210-5079-419E-AEC4-B29C3476C5A7}
		{70E90A64-EBFD-4DF3-A728-851E871C6CEA} = {FB371D8C-B2BF-4533-8A7F-47FFCDF00B58}
		{CF1D8EFE-1004-45CA-AAC4-61605A95F13B} = {FB371D8C-B2BF-4533-8A7F-47FFCDF00B58}
		{90CA3D9A-011E-451E-8621-045AE31410B0} = {FB371D8C-B2BF-4533-8A7F-47FFCDF00B58}
		{116FB551-1598-491E-85CE-9469D9BC0006} = {FB371D8C-B2BF-4533-8A7F-47FFCDF00B58}
		{AE91520A-525F-41ED-ABA9-E749C52E14DD} = {EC6DD210-5079-419E-AEC4-B29C3476C5A7}
		{66C11507-777E-4103-B1F4-D3A5BED3A3B5} = {EC6DD210-5079-419E-AEC4-B29C3476C5A7}
		{35A2C647-1604-4B30-B007-EDF1FB83C537} = {EC6DD210-5079-419E-AEC4-B29C3476C5A7}
		{1E4A74FF-51F1-4AFB-AA13-C643A37C90D2} = {EC6DD210-5079-419E-AEC4-B29C3476C5A7}
		{F789D28D-93BE-412C-A772-4DAB3ACD5EE3} = {EC6DD210-5079-419E-AEC4-B29C3476C5A7}
		{98AD6FB4-E035-4532-A084-812BA18595C4} = {DE7AF084-2E20-49F5-A219-67FDA04C2F3F}
		{967D9FB5-CF2D-4613-86AA-88304908D82B} = {DE7AF084-2E20-49F5-A219-67FDA04C2F3F}
		{B9FB4700-E023-4583-95FB-3033A189EA1C} = {DE7AF084-2E20-49F5-A219-67FDA04C2F3F}
		{65CBCD96-3EE6-4985-96F7-399E8ADDA95C} = {DE7AF084-2E20-49F5-A219-67FDA04C2F3F}
		{5A32AB22-1C05-46D3-985F-2BAB4B9BBE9B} = {DE7AF084-2E20-49F5-A219-67FDA04C2F3F}
		{A1D271C2-F54B-4BB2-A3F3-A7117E761B22} = {DE7AF084-2E20-49F5-A219-67FDA04C2F3F}
		{0CA69A6F-C147-47DD-B777-5371FC6B2F26} = {DE7AF084-2E20-49F5-A219-67FDA04C2F3F}
		{6F08B696-6A24-4A13-B9AA-662070C4DD0F} = {35A2C647-1604-4B30-B007-EDF1FB83C537}
		{40714B96-6266-4515-982A-BEDBD7B27D88} = {35A2C647-1604-4B30-B007-EDF1FB83C537}
		{FEDCF722-3FE1-4C60-A969-07F4C1197DCD} = {35A2C647-1604-4B30-B007-EDF1FB83C537}
		{1E33F008-82BB-4428-9915-5517E7E6D87B} = {35A2C647-1604-4B30-B007-EDF1FB83C537}
		{5CCF30E5-7497-44C7-9A68-533BA6493B3B} = {35A2C647-1604-4B30-B007-EDF1FB83C537}
		{B4BACED1-643A-4788-BFD0-FDC67ABB3647} = {AE91520A-525F-41ED-ABA9-E749C52E14DD}
		{084D374B-8F54-459A-A1A3-63BAD4CB980F} = {AE91520A-525F-41ED-ABA9-E749C52E14DD}
		{A2897D04-CD5D-4CAE-B3BD-58530AAC1423} = {66C11507-777E-4103-B1F4-D3A5BED3A3B5}
		{70260BC4-7FCC-48DA-A5F4-B74EF26E0E02} = {66C11507-777E-4103-B1F4-D3A5BED3A3B5}
		{FFB96FBD-9624-4082-9F14-1FCB1BD759BC} = {66C11507-777E-4103-B1F4-D3A5BED3A3B5}
		{74CA61AB-1219-49B0-A61E-A01E91AC807D} = {F789D28D-93BE-412C-A772-4DAB3ACD5EE3}
		{E7C03FBC-A800-4A87-BCC7-39305286F8B9} = {F789D28D-93BE-412C-A772-4DAB3ACD5EE3}
		{CB7EE8CB-AB89-45DE-A39B-4040227E2234} = {1E4A74FF-51F1-4AFB-AA13-C643A37C90D2}
		{4480862A-8052-4139-B3D1-F1FB88518B31} = {882E6807-DB90-415F-A43F-EADB632DA835}
		{B9ECD344-B966-4B3C-AFC5-B80A5A4AE76E} = {882E6807-DB90-415F-A43F-EADB632DA835}
		{8D1E7EF1-87A9-4D98-8899-C3D5E95DE9E9} = {98AD6FB4-E035-4532-A084-812BA18595C4}
		{034BD597-89DA-4DF2-A614-0664CB6C3769} = {98AD6FB4-E035-4532-A084-812BA18595C4}
		{78F206BB-2F15-46BD-AEC3-11815FE85CA1} = {967D9FB5-CF2D-4613-86AA-88304908D82B}
		{4D110487-145C-4464-9FA3-0C86AED46B0D} = {B9FB4700-E023-4583-95FB-3033A189EA1C}
		{0EEBD02C-8339-43E4-B890-BCD8E664E926} = {66C11507-777E-4103-B1F4-D3A5BED3A3B5}
		{117F9E4D-339A-42C9-BBDB-2D21ACC61B14} = {66C11507-777E-4103-B1F4-D3A5BED3A3B5}
		{0968F0AD-FC61-4FD1-8B0B-777256ADAE9F} = {66C11507-777E-4103-B1F4-D3A5BED3A3B5}
		{59E3511B-FD70-437E-959E-DE677ABEAB1C} = {66C11507-777E-4103-B1F4-D3A5BED3A3B5}
		{5362D4BE-CF54-44F6-B182-2D2882C4BF98} = {66C11507-777E-4103-B1F4-D3A5BED3A3B5}
		{F110E9A4-2AA6-40A1-9FD1-457A063CDD91} = {882E6807-DB90-415F-A43F-EADB632DA835}
	EndGlobalSection
	GlobalSection(ExtensibilityGlobals) = postSolution
		SolutionGuid = {08B11912-EEF3-442D-AC15-F08ACEAD3799}
	EndGlobalSection
EndGlobal
